// !$*UTF8*$!
{
	archiveVersion = 1;
	classes = {
	};
	objectVersion = 46;
	objects = {

/* Begin PBXBuildFile section */
		A812BF641B57E4F300529A1A /* main.m in Sources */ = {isa = PBXBuildFile; fileRef = A812BF631B57E4F300529A1A /* main.m */; };
		A812BF671B57E4F300529A1A /* AppDelegate.m in Sources */ = {isa = PBXBuildFile; fileRef = A812BF661B57E4F300529A1A /* AppDelegate.m */; };
		A812BF6A1B57E4F300529A1A /* ViewController.m in Sources */ = {isa = PBXBuildFile; fileRef = A812BF691B57E4F300529A1A /* ViewController.m */; };
		A812BF6D1B57E4F300529A1A /* Main.storyboard in Resources */ = {isa = PBXBuildFile; fileRef = A812BF6B1B57E4F300529A1A /* Main.storyboard */; };
		A812BF6F1B57E4F300529A1A /* Images.xcassets in Resources */ = {isa = PBXBuildFile; fileRef = A812BF6E1B57E4F300529A1A /* Images.xcassets */; };
		A812BF721B57E4F300529A1A /* LaunchScreen.xib in Resources */ = {isa = PBXBuildFile; fileRef = A812BF701B57E4F300529A1A /* LaunchScreen.xib */; };
		A812BF7E1B57E4F300529A1A /* jstoiosTests.m in Sources */ = {isa = PBXBuildFile; fileRef = A812BF7D1B57E4F300529A1A /* jstoiosTests.m */; };
		A85263F21B590E97003A1FDF /* js to android.html in Resources */ = {isa = PBXBuildFile; fileRef = A85263F11B590E97003A1FDF /* js to android.html */; };
		A85263F61B590EDD003A1FDF /* apicore.js in Resources */ = {isa = PBXBuildFile; fileRef = A85263F41B590EDD003A1FDF /* apicore.js */; };
		A85263F71B590EDD003A1FDF /* jquery-2.1.4.min.js in Resources */ = {isa = PBXBuildFile; fileRef = A85263F51B590EDD003A1FDF /* jquery-2.1.4.min.js */; };
		A86168CD1B5885E100B5BDAF /* Jstofile_ViewController.m in Sources */ = {isa = PBXBuildFile; fileRef = A86168CC1B5885E100B5BDAF /* Jstofile_ViewController.m */; };
		A86168D01B58869A00B5BDAF /* JstoPhoto_ViewController.m in Sources */ = {isa = PBXBuildFile; fileRef = A86168CF1B58869A00B5BDAF /* JstoPhoto_ViewController.m */; };
		A86168D61B5886D100B5BDAF /* Jstorecord_ViewController.m in Sources */ = {isa = PBXBuildFile; fileRef = A86168D51B5886D100B5BDAF /* Jstorecord_ViewController.m */; };
		A86168D81B58883600B5BDAF /* readme.txt in Resources */ = {isa = PBXBuildFile; fileRef = A86168D71B58883600B5BDAF /* readme.txt */; };
		A86168DD1B58887F00B5BDAF /* js to file.html in Resources */ = {isa = PBXBuildFile; fileRef = A86168DB1B58887F00B5BDAF /* js to file.html */; };
		A86168E31B58A89100B5BDAF /* js to photo.html in Resources */ = {isa = PBXBuildFile; fileRef = A86168DF1B58A89100B5BDAF /* js to photo.html */; };
		A86168ED1B58AA3700B5BDAF /* NSData+Base64.m in Sources */ = {isa = PBXBuildFile; fileRef = A86168EC1B58AA3700B5BDAF /* NSData+Base64.m */; settings = {COMPILER_FLAGS = "-fno-objc-arc"; }; };
		A86168F01B58BC4F00B5BDAF /* PgySDK.framework in Frameworks */ = {isa = PBXBuildFile; fileRef = A86168EF1B58BC4F00B5BDAF /* PgySDK.framework */; };
		A86168F21B58BC8600B5BDAF /* CoreTelephony.framework in Frameworks */ = {isa = PBXBuildFile; fileRef = A86168F11B58BC8600B5BDAF /* CoreTelephony.framework */; };
		A86168F41B58BC8F00B5BDAF /* OpenGLES.framework in Frameworks */ = {isa = PBXBuildFile; fileRef = A86168F31B58BC8F00B5BDAF /* OpenGLES.framework */; };
		A86168F61B58BC9800B5BDAF /* SceneKit.framework in Frameworks */ = {isa = PBXBuildFile; fileRef = A86168F51B58BC9800B5BDAF /* SceneKit.framework */; settings = {ATTRIBUTES = (Weak, ); }; };
		A86168F81B58BCA500B5BDAF /* CoreMotion.framework in Frameworks */ = {isa = PBXBuildFile; fileRef = A86168F71B58BCA500B5BDAF /* CoreMotion.framework */; };
		A86168FA1B58BCAE00B5BDAF /* AudioToolbox.framework in Frameworks */ = {isa = PBXBuildFile; fileRef = A86168F91B58BCAE00B5BDAF /* AudioToolbox.framework */; };
		A86168FC1B58BCB500B5BDAF /* AVFoundation.framework in Frameworks */ = {isa = PBXBuildFile; fileRef = A86168FB1B58BCB500B5BDAF /* AVFoundation.framework */; };
		A86168FE1B58BCBE00B5BDAF /* SystemConfiguration.framework in Frameworks */ = {isa = PBXBuildFile; fileRef = A86168FD1B58BCBE00B5BDAF /* SystemConfiguration.framework */; };
		A86169011B58BF3D00B5BDAF /* NavTitleButton.m in Sources */ = {isa = PBXBuildFile; fileRef = A86169001B58BF3D00B5BDAF /* NavTitleButton.m */; };
		A86169041B58BF7C00B5BDAF /* UIView+Extension.m in Sources */ = {isa = PBXBuildFile; fileRef = A86169031B58BF7C00B5BDAF /* UIView+Extension.m */; };
		A86169071B58D51600B5BDAF /* ShowCode_ViewController.m in Sources */ = {isa = PBXBuildFile; fileRef = A86169061B58D51600B5BDAF /* ShowCode_ViewController.m */; };
/* End PBXBuildFile section */

/* Begin PBXContainerItemProxy section */
		A812BF781B57E4F300529A1A /* PBXContainerItemProxy */ = {
			isa = PBXContainerItemProxy;
			containerPortal = A812BF561B57E4F300529A1A /* Project object */;
			proxyType = 1;
			remoteGlobalIDString = A812BF5D1B57E4F300529A1A;
			remoteInfo = jstoios;
		};
/* End PBXContainerItemProxy section */

/* Begin PBXFileReference section */
		A812BF5E1B57E4F300529A1A /* jstoios.app */ = {isa = PBXFileReference; explicitFileType = wrapper.application; includeInIndex = 0; path = jstoios.app; sourceTree = BUILT_PRODUCTS_DIR; };
		A812BF621B57E4F300529A1A /* Info.plist */ = {isa = PBXFileReference; lastKnownFileType = text.plist.xml; path = Info.plist; sourceTree = "<group>"; };
		A812BF631B57E4F300529A1A /* main.m */ = {isa = PBXFileReference; lastKnownFileType = sourcecode.c.objc; path = main.m; sourceTree = "<group>"; };
		A812BF651B57E4F300529A1A /* AppDelegate.h */ = {isa = PBXFileReference; lastKnownFileType = sourcecode.c.h; name = AppDelegate.h; path = jstoios/AppDelegate.h; sourceTree = "<group>"; };
		A812BF661B57E4F300529A1A /* AppDelegate.m */ = {isa = PBXFileReference; lastKnownFileType = sourcecode.c.objc; name = AppDelegate.m; path = jstoios/AppDelegate.m; sourceTree = "<group>"; };
		A812BF681B57E4F300529A1A /* ViewController.h */ = {isa = PBXFileReference; lastKnownFileType = sourcecode.c.h; name = ViewController.h; path = jstoios/ViewController.h; sourceTree = "<group>"; };
		A812BF691B57E4F300529A1A /* ViewController.m */ = {isa = PBXFileReference; lastKnownFileType = sourcecode.c.objc; name = ViewController.m; path = jstoios/ViewController.m; sourceTree = "<group>"; };
		A812BF6C1B57E4F300529A1A /* Base */ = {isa = PBXFileReference; lastKnownFileType = file.storyboard; name = Base; path = Base.lproj/Main.storyboard; sourceTree = "<group>"; };
		A812BF6E1B57E4F300529A1A /* Images.xcassets */ = {isa = PBXFileReference; lastKnownFileType = folder.assetcatalog; path = Images.xcassets; sourceTree = "<group>"; };
		A812BF711B57E4F300529A1A /* Base */ = {isa = PBXFileReference; lastKnownFileType = file.xib; name = Base; path = Base.lproj/LaunchScreen.xib; sourceTree = "<group>"; };
		A812BF771B57E4F300529A1A /* jstoiosTests.xctest */ = {isa = PBXFileReference; explicitFileType = wrapper.cfbundle; includeInIndex = 0; path = jstoiosTests.xctest; sourceTree = BUILT_PRODUCTS_DIR; };
		A812BF7C1B57E4F300529A1A /* Info.plist */ = {isa = PBXFileReference; lastKnownFileType = text.plist.xml; path = Info.plist; sourceTree = "<group>"; };
		A812BF7D1B57E4F300529A1A /* jstoiosTests.m */ = {isa = PBXFileReference; lastKnownFileType = sourcecode.c.objc; path = jstoiosTests.m; sourceTree = "<group>"; };
		A85263F11B590E97003A1FDF /* js to android.html */ = {isa = PBXFileReference; fileEncoding = 4; lastKnownFileType = text.html; path = "js to android.html"; sourceTree = "<group>"; };
		A85263F41B590EDD003A1FDF /* apicore.js */ = {isa = PBXFileReference; fileEncoding = 4; lastKnownFileType = sourcecode.javascript; path = apicore.js; sourceTree = "<group>"; };
		A85263F51B590EDD003A1FDF /* jquery-2.1.4.min.js */ = {isa = PBXFileReference; fileEncoding = 4; lastKnownFileType = sourcecode.javascript; path = "jquery-2.1.4.min.js"; sourceTree = "<group>"; };
		A86168CB1B5885E100B5BDAF /* Jstofile_ViewController.h */ = {isa = PBXFileReference; fileEncoding = 4; lastKnownFileType = sourcecode.c.h; path = Jstofile_ViewController.h; sourceTree = "<group>"; };
		A86168CC1B5885E100B5BDAF /* Jstofile_ViewController.m */ = {isa = PBXFileReference; fileEncoding = 4; lastKnownFileType = sourcecode.c.objc; path = Jstofile_ViewController.m; sourceTree = "<group>"; };
		A86168CE1B58869A00B5BDAF /* JstoPhoto_ViewController.h */ = {isa = PBXFileReference; fileEncoding = 4; lastKnownFileType = sourcecode.c.h; path = JstoPhoto_ViewController.h; sourceTree = "<group>"; };
		A86168CF1B58869A00B5BDAF /* JstoPhoto_ViewController.m */ = {isa = PBXFileReference; fileEncoding = 4; lastKnownFileType = sourcecode.c.objc; path = JstoPhoto_ViewController.m; sourceTree = "<group>"; };
		A86168D41B5886D100B5BDAF /* Jstorecord_ViewController.h */ = {isa = PBXFileReference; fileEncoding = 4; lastKnownFileType = sourcecode.c.h; path = Jstorecord_ViewController.h; sourceTree = "<group>"; };
		A86168D51B5886D100B5BDAF /* Jstorecord_ViewController.m */ = {isa = PBXFileReference; fileEncoding = 4; lastKnownFileType = sourcecode.c.objc; path = Jstorecord_ViewController.m; sourceTree = "<group>"; };
		A86168D71B58883600B5BDAF /* readme.txt */ = {isa = PBXFileReference; fileEncoding = 4; lastKnownFileType = text; path = readme.txt; sourceTree = "<group>"; };
		A86168DB1B58887F00B5BDAF /* js to file.html */ = {isa = PBXFileReference; fileEncoding = 4; lastKnownFileType = text.html; path = "js to file.html"; sourceTree = "<group>"; };
		A86168DE1B58894300B5BDAF /* my.pch */ = {isa = PBXFileReference; fileEncoding = 4; lastKnownFileType = sourcecode.c.h; path = my.pch; sourceTree = "<group>"; };
		A86168DF1B58A89100B5BDAF /* js to photo.html */ = {isa = PBXFileReference; fileEncoding = 4; lastKnownFileType = text.html; path = "js to photo.html"; sourceTree = "<group>"; };
		A86168EB1B58AA3700B5BDAF /* NSData+Base64.h */ = {isa = PBXFileReference; fileEncoding = 4; lastKnownFileType = sourcecode.c.h; path = "NSData+Base64.h"; sourceTree = "<group>"; };
		A86168EC1B58AA3700B5BDAF /* NSData+Base64.m */ = {isa = PBXFileReference; fileEncoding = 4; lastKnownFileType = sourcecode.c.objc; path = "NSData+Base64.m"; sourceTree = "<group>"; };
		A86168EF1B58BC4F00B5BDAF /* PgySDK.framework */ = {isa = PBXFileReference; lastKnownFileType = wrapper.framework; path = PgySDK.framework; sourceTree = "<group>"; };
		A86168F11B58BC8600B5BDAF /* CoreTelephony.framework */ = {isa = PBXFileReference; lastKnownFileType = wrapper.framework; name = CoreTelephony.framework; path = System/Library/Frameworks/CoreTelephony.framework; sourceTree = SDKROOT; };
		A86168F31B58BC8F00B5BDAF /* OpenGLES.framework */ = {isa = PBXFileReference; lastKnownFileType = wrapper.framework; name = OpenGLES.framework; path = System/Library/Frameworks/OpenGLES.framework; sourceTree = SDKROOT; };
		A86168F51B58BC9800B5BDAF /* SceneKit.framework */ = {isa = PBXFileReference; lastKnownFileType = wrapper.framework; name = SceneKit.framework; path = System/Library/Frameworks/SceneKit.framework; sourceTree = SDKROOT; };
		A86168F71B58BCA500B5BDAF /* CoreMotion.framework */ = {isa = PBXFileReference; lastKnownFileType = wrapper.framework; name = CoreMotion.framework; path = System/Library/Frameworks/CoreMotion.framework; sourceTree = SDKROOT; };
		A86168F91B58BCAE00B5BDAF /* AudioToolbox.framework */ = {isa = PBXFileReference; lastKnownFileType = wrapper.framework; name = AudioToolbox.framework; path = System/Library/Frameworks/AudioToolbox.framework; sourceTree = SDKROOT; };
		A86168FB1B58BCB500B5BDAF /* AVFoundation.framework */ = {isa = PBXFileReference; lastKnownFileType = wrapper.framework; name = AVFoundation.framework; path = System/Library/Frameworks/AVFoundation.framework; sourceTree = SDKROOT; };
		A86168FD1B58BCBE00B5BDAF /* SystemConfiguration.framework */ = {isa = PBXFileReference; lastKnownFileType = wrapper.framework; name = SystemConfiguration.framework; path = System/Library/Frameworks/SystemConfiguration.framework; sourceTree = SDKROOT; };
		A86168FF1B58BF3D00B5BDAF /* NavTitleButton.h */ = {isa = PBXFileReference; fileEncoding = 4; lastKnownFileType = sourcecode.c.h; path = NavTitleButton.h; sourceTree = "<group>"; };
		A86169001B58BF3D00B5BDAF /* NavTitleButton.m */ = {isa = PBXFileReference; fileEncoding = 4; lastKnownFileType = sourcecode.c.objc; path = NavTitleButton.m; sourceTree = "<group>"; };
		A86169021B58BF7B00B5BDAF /* UIView+Extension.h */ = {isa = PBXFileReference; fileEncoding = 4; lastKnownFileType = sourcecode.c.h; path = "UIView+Extension.h"; sourceTree = "<group>"; };
		A86169031B58BF7C00B5BDAF /* UIView+Extension.m */ = {isa = PBXFileReference; fileEncoding = 4; lastKnownFileType = sourcecode.c.objc; path = "UIView+Extension.m"; sourceTree = "<group>"; };
		A86169051B58D51600B5BDAF /* ShowCode_ViewController.h */ = {isa = PBXFileReference; fileEncoding = 4; lastKnownFileType = sourcecode.c.h; path = ShowCode_ViewController.h; sourceTree = "<group>"; };
		A86169061B58D51600B5BDAF /* ShowCode_ViewController.m */ = {isa = PBXFileReference; fileEncoding = 4; lastKnownFileType = sourcecode.c.objc; path = ShowCode_ViewController.m; sourceTree = "<group>"; };
/* End PBXFileReference section */

/* Begin PBXFrameworksBuildPhase section */
		A812BF5B1B57E4F300529A1A /* Frameworks */ = {
			isa = PBXFrameworksBuildPhase;
			buildActionMask = 2147483647;
			files = (
				A86168FE1B58BCBE00B5BDAF /* SystemConfiguration.framework in Frameworks */,
				A86168FC1B58BCB500B5BDAF /* AVFoundation.framework in Frameworks */,
				A86168FA1B58BCAE00B5BDAF /* AudioToolbox.framework in Frameworks */,
				A86168F81B58BCA500B5BDAF /* CoreMotion.framework in Frameworks */,
				A86168F61B58BC9800B5BDAF /* SceneKit.framework in Frameworks */,
				A86168F41B58BC8F00B5BDAF /* OpenGLES.framework in Frameworks */,
				A86168F21B58BC8600B5BDAF /* CoreTelephony.framework in Frameworks */,
				A86168F01B58BC4F00B5BDAF /* PgySDK.framework in Frameworks */,
			);
			runOnlyForDeploymentPostprocessing = 0;
		};
		A812BF741B57E4F300529A1A /* Frameworks */ = {
			isa = PBXFrameworksBuildPhase;
			buildActionMask = 2147483647;
			files = (
			);
			runOnlyForDeploymentPostprocessing = 0;
		};
/* End PBXFrameworksBuildPhase section */

/* Begin PBXGroup section */
		A812BF551B57E4F300529A1A = {
			isa = PBXGroup;
			children = (
				A812BF651B57E4F300529A1A /* AppDelegate.h */,
				A812BF661B57E4F300529A1A /* AppDelegate.m */,
				A812BF681B57E4F300529A1A /* ViewController.h */,
				A812BF691B57E4F300529A1A /* ViewController.m */,
				A812BF601B57E4F300529A1A /* jstoios */,
				A86168D91B58886600B5BDAF /* html */,
				A812BF611B57E4F300529A1A /* Supporting Files */,
				A812BF7A1B57E4F300529A1A /* jstoiosTests */,
				A812BF5F1B57E4F300529A1A /* Products */,
				A86168D71B58883600B5BDAF /* readme.txt */,
			);
			sourceTree = "<group>";
		};
		A812BF5F1B57E4F300529A1A /* Products */ = {
			isa = PBXGroup;
			children = (
				A812BF5E1B57E4F300529A1A /* jstoios.app */,
				A812BF771B57E4F300529A1A /* jstoiosTests.xctest */,
			);
			name = Products;
			sourceTree = "<group>";
		};
		A812BF601B57E4F300529A1A /* jstoios */ = {
			isa = PBXGroup;
			children = (
				A86168EE1B58BC0C00B5BDAF /* tools */,
				A86168CB1B5885E100B5BDAF /* Jstofile_ViewController.h */,
				A86168CC1B5885E100B5BDAF /* Jstofile_ViewController.m */,
				A86168CE1B58869A00B5BDAF /* JstoPhoto_ViewController.h */,
				A86168CF1B58869A00B5BDAF /* JstoPhoto_ViewController.m */,
				A86168D41B5886D100B5BDAF /* Jstorecord_ViewController.h */,
				A86168D51B5886D100B5BDAF /* Jstorecord_ViewController.m */,
				A86169051B58D51600B5BDAF /* ShowCode_ViewController.h */,
				A86169061B58D51600B5BDAF /* ShowCode_ViewController.m */,
				A812BF6B1B57E4F300529A1A /* Main.storyboard */,
			);
			path = jstoios;
			sourceTree = "<group>";
		};
		A812BF611B57E4F300529A1A /* Supporting Files */ = {
			isa = PBXGroup;
			children = (
				A812BF6E1B57E4F300529A1A /* Images.xcassets */,
				A812BF701B57E4F300529A1A /* LaunchScreen.xib */,
				A86168FD1B58BCBE00B5BDAF /* SystemConfiguration.framework */,
				A86168FB1B58BCB500B5BDAF /* AVFoundation.framework */,
				A86168F91B58BCAE00B5BDAF /* AudioToolbox.framework */,
				A86168F71B58BCA500B5BDAF /* CoreMotion.framework */,
				A86168F51B58BC9800B5BDAF /* SceneKit.framework */,
				A86168F31B58BC8F00B5BDAF /* OpenGLES.framework */,
				A86168F11B58BC8600B5BDAF /* CoreTelephony.framework */,
				A86168EF1B58BC4F00B5BDAF /* PgySDK.framework */,
				A812BF621B57E4F300529A1A /* Info.plist */,
				A812BF631B57E4F300529A1A /* main.m */,
				A86168DE1B58894300B5BDAF /* my.pch */,
			);
			name = "Supporting Files";
			path = jstoios;
			sourceTree = "<group>";
		};
		A812BF7A1B57E4F300529A1A /* jstoiosTests */ = {
			isa = PBXGroup;
			children = (
				A812BF7D1B57E4F300529A1A /* jstoiosTests.m */,
				A812BF7B1B57E4F300529A1A /* Supporting Files */,
			);
			path = jstoiosTests;
			sourceTree = "<group>";
		};
		A812BF7B1B57E4F300529A1A /* Supporting Files */ = {
			isa = PBXGroup;
			children = (
				A812BF7C1B57E4F300529A1A /* Info.plist */,
			);
			name = "Supporting Files";
			sourceTree = "<group>";
		};
		A85263F31B590EDD003A1FDF /* js */ = {
			isa = PBXGroup;
			children = (
				A85263F41B590EDD003A1FDF /* apicore.js */,
				A85263F51B590EDD003A1FDF /* jquery-2.1.4.min.js */,
			);
			path = js;
			sourceTree = "<group>";
		};
		A86168D91B58886600B5BDAF /* html */ = {
			isa = PBXGroup;
			children = (
				A85263F31B590EDD003A1FDF /* js */,
				A85263F11B590E97003A1FDF /* js to android.html */,
				A86168DB1B58887F00B5BDAF /* js to file.html */,
				A86168DF1B58A89100B5BDAF /* js to photo.html */,
			);
			name = html;
			path = jstoios;
			sourceTree = "<group>";
		};
		A86168EE1B58BC0C00B5BDAF /* tools */ = {
			isa = PBXGroup;
			children = (
				A86169021B58BF7B00B5BDAF /* UIView+Extension.h */,
				A86169031B58BF7C00B5BDAF /* UIView+Extension.m */,
				A86168FF1B58BF3D00B5BDAF /* NavTitleButton.h */,
				A86169001B58BF3D00B5BDAF /* NavTitleButton.m */,
				A86168EB1B58AA3700B5BDAF /* NSData+Base64.h */,
				A86168EC1B58AA3700B5BDAF /* NSData+Base64.m */,
			);
			name = tools;
			sourceTree = "<group>";
		};
/* End PBXGroup section */

/* Begin PBXNativeTarget section */
		A812BF5D1B57E4F300529A1A /* jstoios */ = {
			isa = PBXNativeTarget;
			buildConfigurationList = A812BF811B57E4F300529A1A /* Build configuration list for PBXNativeTarget "jstoios" */;
			buildPhases = (
				A812BF5A1B57E4F300529A1A /* Sources */,
				A812BF5B1B57E4F300529A1A /* Frameworks */,
				A812BF5C1B57E4F300529A1A /* Resources */,
			);
			buildRules = (
			);
			dependencies = (
			);
			name = jstoios;
			productName = jstoios;
			productReference = A812BF5E1B57E4F300529A1A /* jstoios.app */;
			productType = "com.apple.product-type.application";
		};
		A812BF761B57E4F300529A1A /* jstoiosTests */ = {
			isa = PBXNativeTarget;
			buildConfigurationList = A812BF841B57E4F300529A1A /* Build configuration list for PBXNativeTarget "jstoiosTests" */;
			buildPhases = (
				A812BF731B57E4F300529A1A /* Sources */,
				A812BF741B57E4F300529A1A /* Frameworks */,
				A812BF751B57E4F300529A1A /* Resources */,
			);
			buildRules = (
			);
			dependencies = (
				A812BF791B57E4F300529A1A /* PBXTargetDependency */,
			);
			name = jstoiosTests;
			productName = jstoiosTests;
			productReference = A812BF771B57E4F300529A1A /* jstoiosTests.xctest */;
			productType = "com.apple.product-type.bundle.unit-test";
		};
/* End PBXNativeTarget section */

/* Begin PBXProject section */
		A812BF561B57E4F300529A1A /* Project object */ = {
			isa = PBXProject;
			attributes = {
				LastUpgradeCheck = 0640;
				ORGANIZATIONNAME = AndLi;
				TargetAttributes = {
					A812BF5D1B57E4F300529A1A = {
						CreatedOnToolsVersion = 6.4;
						DevelopmentTeam = ZW95P3X8Q5;
					};
					A812BF761B57E4F300529A1A = {
						CreatedOnToolsVersion = 6.4;
						TestTargetID = A812BF5D1B57E4F300529A1A;
					};
				};
			};
			buildConfigurationList = A812BF591B57E4F300529A1A /* Build configuration list for PBXProject "jstoios" */;
			compatibilityVersion = "Xcode 3.2";
			developmentRegion = English;
			hasScannedForEncodings = 0;
			knownRegions = (
				en,
				Base,
			);
			mainGroup = A812BF551B57E4F300529A1A;
			productRefGroup = A812BF5F1B57E4F300529A1A /* Products */;
			projectDirPath = "";
			projectRoot = "";
			targets = (
				A812BF5D1B57E4F300529A1A /* jstoios */,
				A812BF761B57E4F300529A1A /* jstoiosTests */,
			);
		};
/* End PBXProject section */

/* Begin PBXResourcesBuildPhase section */
		A812BF5C1B57E4F300529A1A /* Resources */ = {
			isa = PBXResourcesBuildPhase;
			buildActionMask = 2147483647;
			files = (
				A85263F61B590EDD003A1FDF /* apicore.js in Resources */,
				A85263F71B590EDD003A1FDF /* jquery-2.1.4.min.js in Resources */,
				A812BF6D1B57E4F300529A1A /* Main.storyboard in Resources */,
				A85263F21B590E97003A1FDF /* js to android.html in Resources */,
				A812BF721B57E4F300529A1A /* LaunchScreen.xib in Resources */,
				A86168D81B58883600B5BDAF /* readme.txt in Resources */,
				A86168E31B58A89100B5BDAF /* js to photo.html in Resources */,
				A812BF6F1B57E4F300529A1A /* Images.xcassets in Resources */,
				A86168DD1B58887F00B5BDAF /* js to file.html in Resources */,
			);
			runOnlyForDeploymentPostprocessing = 0;
		};
		A812BF751B57E4F300529A1A /* Resources */ = {
			isa = PBXResourcesBuildPhase;
			buildActionMask = 2147483647;
			files = (
			);
			runOnlyForDeploymentPostprocessing = 0;
		};
/* End PBXResourcesBuildPhase section */

/* Begin PBXSourcesBuildPhase section */
		A812BF5A1B57E4F300529A1A /* Sources */ = {
			isa = PBXSourcesBuildPhase;
			buildActionMask = 2147483647;
			files = (
				A86169041B58BF7C00B5BDAF /* UIView+Extension.m in Sources */,
				A812BF6A1B57E4F300529A1A /* ViewController.m in Sources */,
				A812BF671B57E4F300529A1A /* AppDelegate.m in Sources */,
				A86169071B58D51600B5BDAF /* ShowCode_ViewController.m in Sources */,
				A86168D61B5886D100B5BDAF /* Jstorecord_ViewController.m in Sources */,
				A86169011B58BF3D00B5BDAF /* NavTitleButton.m in Sources */,
				A86168D01B58869A00B5BDAF /* JstoPhoto_ViewController.m in Sources */,
				A86168CD1B5885E100B5BDAF /* Jstofile_ViewController.m in Sources */,
				A812BF641B57E4F300529A1A /* main.m in Sources */,
				A86168ED1B58AA3700B5BDAF /* NSData+Base64.m in Sources */,
			);
			runOnlyForDeploymentPostprocessing = 0;
		};
		A812BF731B57E4F300529A1A /* Sources */ = {
			isa = PBXSourcesBuildPhase;
			buildActionMask = 2147483647;
			files = (
				A812BF7E1B57E4F300529A1A /* jstoiosTests.m in Sources */,
			);
			runOnlyForDeploymentPostprocessing = 0;
		};
/* End PBXSourcesBuildPhase section */

/* Begin PBXTargetDependency section */
		A812BF791B57E4F300529A1A /* PBXTargetDependency */ = {
			isa = PBXTargetDependency;
			target = A812BF5D1B57E4F300529A1A /* jstoios */;
			targetProxy = A812BF781B57E4F300529A1A /* PBXContainerItemProxy */;
		};
/* End PBXTargetDependency section */

/* Begin PBXVariantGroup section */
		A812BF6B1B57E4F300529A1A /* Main.storyboard */ = {
			isa = PBXVariantGroup;
			children = (
				A812BF6C1B57E4F300529A1A /* Base */,
			);
			name = Main.storyboard;
			sourceTree = "<group>";
		};
		A812BF701B57E4F300529A1A /* LaunchScreen.xib */ = {
			isa = PBXVariantGroup;
			children = (
				A812BF711B57E4F300529A1A /* Base */,
			);
			name = LaunchScreen.xib;
			sourceTree = "<group>";
		};
/* End PBXVariantGroup section */

/* Begin XCBuildConfiguration section */
		A812BF7F1B57E4F300529A1A /* Debug */ = {
			isa = XCBuildConfiguration;
			buildSettings = {
				ALWAYS_SEARCH_USER_PATHS = NO;
				CLANG_CXX_LANGUAGE_STANDARD = "gnu++0x";
				CLANG_CXX_LIBRARY = "libc++";
				CLANG_ENABLE_MODULES = YES;
				CLANG_ENABLE_OBJC_ARC = YES;
				CLANG_WARN_BOOL_CONVERSION = YES;
				CLANG_WARN_CONSTANT_CONVERSION = YES;
				CLANG_WARN_DIRECT_OBJC_ISA_USAGE = YES_ERROR;
				CLANG_WARN_EMPTY_BODY = YES;
				CLANG_WARN_ENUM_CONVERSION = YES;
				CLANG_WARN_INT_CONVERSION = YES;
				CLANG_WARN_OBJC_ROOT_CLASS = YES_ERROR;
				CLANG_WARN_UNREACHABLE_CODE = YES;
				CLANG_WARN__DUPLICATE_METHOD_MATCH = YES;
				CODE_SIGN_IDENTITY = "iPhone Developer";
				"CODE_SIGN_IDENTITY[sdk=iphoneos*]" = "iPhone Developer";
				COPY_PHASE_STRIP = NO;
				DEBUG_INFORMATION_FORMAT = "dwarf-with-dsym";
				ENABLE_STRICT_OBJC_MSGSEND = YES;
				GCC_C_LANGUAGE_STANDARD = gnu99;
				GCC_DYNAMIC_NO_PIC = NO;
				GCC_NO_COMMON_BLOCKS = YES;
				GCC_OPTIMIZATION_LEVEL = 0;
				GCC_PREPROCESSOR_DEFINITIONS = (
					"DEBUG=1",
					"$(inherited)",
				);
				GCC_SYMBOLS_PRIVATE_EXTERN = NO;
				GCC_WARN_64_TO_32_BIT_CONVERSION = YES;
				GCC_WARN_ABOUT_RETURN_TYPE = YES_ERROR;
				GCC_WARN_UNDECLARED_SELECTOR = YES;
				GCC_WARN_UNINITIALIZED_AUTOS = YES_AGGRESSIVE;
				GCC_WARN_UNUSED_FUNCTION = YES;
				GCC_WARN_UNUSED_VARIABLE = YES;
				IPHONEOS_DEPLOYMENT_TARGET = 8.4;
				MTL_ENABLE_DEBUG_INFO = YES;
				ONLY_ACTIVE_ARCH = YES;
				SDKROOT = iphoneos;
			};
			name = Debug;
		};
		A812BF801B57E4F300529A1A /* Release */ = {
			isa = XCBuildConfiguration;
			buildSettings = {
				ALWAYS_SEARCH_USER_PATHS = NO;
				CLANG_CXX_LANGUAGE_STANDARD = "gnu++0x";
				CLANG_CXX_LIBRARY = "libc++";
				CLANG_ENABLE_MODULES = YES;
				CLANG_ENABLE_OBJC_ARC = YES;
				CLANG_WARN_BOOL_CONVERSION = YES;
				CLANG_WARN_CONSTANT_CONVERSION = YES;
				CLANG_WARN_DIRECT_OBJC_ISA_USAGE = YES_ERROR;
				CLANG_WARN_EMPTY_BODY = YES;
				CLANG_WARN_ENUM_CONVERSION = YES;
				CLANG_WARN_INT_CONVERSION = YES;
				CLANG_WARN_OBJC_ROOT_CLASS = YES_ERROR;
				CLANG_WARN_UNREACHABLE_CODE = YES;
				CLANG_WARN__DUPLICATE_METHOD_MATCH = YES;
				CODE_SIGN_IDENTITY = "iPhone Developer";
				"CODE_SIGN_IDENTITY[sdk=iphoneos*]" = "iPhone Developer";
				COPY_PHASE_STRIP = NO;
				DEBUG_INFORMATION_FORMAT = "dwarf-with-dsym";
				ENABLE_NS_ASSERTIONS = NO;
				ENABLE_STRICT_OBJC_MSGSEND = YES;
				GCC_C_LANGUAGE_STANDARD = gnu99;
				GCC_NO_COMMON_BLOCKS = YES;
				GCC_WARN_64_TO_32_BIT_CONVERSION = YES;
				GCC_WARN_ABOUT_RETURN_TYPE = YES_ERROR;
				GCC_WARN_UNDECLARED_SELECTOR = YES;
				GCC_WARN_UNINITIALIZED_AUTOS = YES_AGGRESSIVE;
				GCC_WARN_UNUSED_FUNCTION = YES;
				GCC_WARN_UNUSED_VARIABLE = YES;
				IPHONEOS_DEPLOYMENT_TARGET = 8.4;
				MTL_ENABLE_DEBUG_INFO = NO;
				SDKROOT = iphoneos;
				VALIDATE_PRODUCT = YES;
			};
			name = Release;
		};
		A812BF821B57E4F300529A1A /* Debug */ = {
			isa = XCBuildConfiguration;
			buildSettings = {
				ASSETCATALOG_COMPILER_APPICON_NAME = AppIcon;
				CODE_SIGN_IDENTITY = "iPhone Developer";
				FRAMEWORK_SEARCH_PATHS = (
					"$(inherited)",
					"$(PROJECT_DIR)/jstoios",
				);
				GCC_PREFIX_HEADER = jstoios/my.pch;
				INFOPLIST_FILE = jstoios/Info.plist;
				LD_RUNPATH_SEARCH_PATHS = "$(inherited) @executable_path/Frameworks";
				PRODUCT_NAME = "$(TARGET_NAME)";
			};
			name = Debug;
		};
		A812BF831B57E4F300529A1A /* Release */ = {
			isa = XCBuildConfiguration;
			buildSettings = {
				ASSETCATALOG_COMPILER_APPICON_NAME = AppIcon;
				CODE_SIGN_IDENTITY = "iPhone Developer";
				FRAMEWORK_SEARCH_PATHS = (
					"$(inherited)",
					"$(PROJECT_DIR)/jstoios",
				);
				GCC_PREFIX_HEADER = jstoios/my.pch;
				INFOPLIST_FILE = jstoios/Info.plist;
				LD_RUNPATH_SEARCH_PATHS = "$(inherited) @executable_path/Frameworks";
				PRODUCT_NAME = "$(TARGET_NAME)";
			};
			name = Release;
		};
		A812BF851B57E4F300529A1A /* Debug */ = {
			isa = XCBuildConfiguration;
			buildSettings = {
				BUNDLE_LOADER = "$(TEST_HOST)";
				FRAMEWORK_SEARCH_PATHS = (
					"$(SDKROOT)/Developer/Library/Frameworks",
					"$(inherited)",
				);
				GCC_PREPROCESSOR_DEFINITIONS = (
					"DEBUG=1",
					"$(inherited)",
				);
				INFOPLIST_FILE = jstoiosTests/Info.plist;
				LD_RUNPATH_SEARCH_PATHS = "$(inherited) @executable_path/Frameworks @loader_path/Frameworks";
				PRODUCT_NAME = "$(TARGET_NAME)";
				TEST_HOST = "$(BUILT_PRODUCTS_DIR)/jstoios.app/jstoios";
			};
			name = Debug;
		};
		A812BF861B57E4F300529A1A /* Release */ = {
			isa = XCBuildConfiguration;
			buildSettings = {
				BUNDLE_LOADER = "$(TEST_HOST)";
				FRAMEWORK_SEARCH_PATHS = (
					"$(SDKROOT)/Developer/Library/Frameworks",
					"$(inherited)",
				);
				INFOPLIST_FILE = jstoiosTests/Info.plist;
				LD_RUNPATH_SEARCH_PATHS = "$(inherited) @executable_path/Frameworks @loader_path/Frameworks";
				PRODUCT_NAME = "$(TARGET_NAME)";
				TEST_HOST = "$(BUILT_PRODUCTS_DIR)/jstoios.app/jstoios";
			};
			name = Release;
		};
/* End XCBuildConfiguration section */

/* Begin XCConfigurationList section */
		A812BF591B57E4F300529A1A /* Build configuration list for PBXProject "jstoios" */ = {
			isa = XCConfigurationList;
			buildConfigurations = (
				A812BF7F1B57E4F300529A1A /* Debug */,
				A812BF801B57E4F300529A1A /* Release */,
			);
			defaultConfigurationIsVisible = 0;
			defaultConfigurationName = Release;
		};
		A812BF811B57E4F300529A1A /* Build configuration list for PBXNativeTarget "jstoios" */ = {
			isa = XCConfigurationList;
			buildConfigurations = (
				A812BF821B57E4F300529A1A /* Debug */,
				A812BF831B57E4F300529A1A /* Release */,
			);
			defaultConfigurationIsVisible = 0;
			defaultConfigurationName = Release;
		};
		A812BF841B57E4F300529A1A /* Build configuration list for PBXNativeTarget "jstoiosTests" */ = {
			isa = XCConfigurationList;
			buildConfigurations = (
				A812BF851B57E4F300529A1A /* Debug */,
				A812BF861B57E4F300529A1A /* Release */,
			);
			defaultConfigurationIsVisible = 0;
			defaultConfigurationName = Release;
		};
/* End XCConfigurationList section */
	};
	rootObject = A812BF561B57E4F300529A1A /* Project object */;
}
